
Microsoft Visual Studio Solution File, Format Version 12.00
# Visual Studio Version 16
VisualStudioVersion = 16.0.29519.181
MinimumVisualStudioVersion = 10.0.40219.1
Project("{FAE04EC0-301F-11D3-BF4B-00C04F79EFBC}") = "WindowsFormsApp1", "WindowsFormsApp1\WindowsFormsApp1.csproj", "{1135C01B-E562-4E70-9624-00FD28EB984F}"
EndProject
Global
	GlobalSection(SolutionConfigurationPlatforms) = preSolution
		Debug|Any CPU = Debug|Any CPU
		Release|Any CPU = Release|Any CPU
	EndGlobalSection
	GlobalSection(ProjectConfigurationPlatforms) = postSolution
		{1135C01B-E562-4E70-9624-00FD28EB984F}.Debug|Any CPU.ActiveCfg = Debug|Any CPU
		{1135C01B-E562-4E70-9624-00FD28EB984F}.Debug|Any CPU.Build.0 = Debug|Any CPU
		{1135C01B-E562-4E70-9624-00FD28EB984F}.Release|Any CPU.ActiveCfg = Release|Any CPU
		{1135C01B-E562-4E70-9624-00FD28EB984F}.Release|Any CPU.Build.0 = Release|Any CPU
	EndGlobalSection
	GlobalSection(SolutionProperties) = preSolution
		HideSolutionNode = FALSE
	EndGlobalSection
	GlobalSection(ExtensibilityGlobals) = postSolution
		SolutionGuid = {FC6A10FA-D47F-4652-A44D-7835648B210C}
	EndGlobalSection
EndGlobal
